
Microsoft Visual Studio Solution File, Format Version 12.00
# Visual Studio 2012
Project("{FAE04EC0-301F-11D3-BF4B-00C04F79EFBC}") = "DemoMktData", "DemoMktData\DemoMktData.csproj", "{2AD06F90-204E-405E-9E7E-DD9F4035BF2D}"
EndProject
Project("{FAE04EC0-301F-11D3-BF4B-00C04F79EFBC}") = "DemoTrader", "DemoTrader\DemoTrader.csproj", "{DFDAB962-97C1-41B1-BD85-7DBFAD72C0EE}"
EndProject
Project("{2150E333-8FDC-42A3-9474-1A3956D46DE8}") = "Solution Items", "Solution Items", "{45C2F8AF-9AE2-419B-B94E-15689EFB31B5}"
	ProjectSection(SolutionItems) = preProject
		..\CTP.Solution\说明.txt = ..\CTP.Solution\说明.txt
	EndProjectSection
EndProject
Project("{8BC9CEB8-8B4A-11D0-8D11-00A0C91BC942}") = "CTPMA.VS2010.Net4.0", "..\CTP.Solution\CTP\CTPMA.VS2010.Net4.0.vcxproj", "{ACFB53E6-2DEC-42A2-BEE6-53B70FB64940}"
EndProject
Global
	GlobalSection(SolutionConfigurationPlatforms) = preSolution
		Debug|Any CPU = Debug|Any CPU
		Debug|Mixed Platforms = Debug|Mixed Platforms
		Debug|Win32 = Debug|Win32
		Release|Any CPU = Release|Any CPU
		Release|Mixed Platforms = Release|Mixed Platforms
		Release|Win32 = Release|Win32
	EndGlobalSection
	GlobalSection(ProjectConfigurationPlatforms) = postSolution
		{2AD06F90-204E-405E-9E7E-DD9F4035BF2D}.Debug|Any CPU.ActiveCfg = Debug|Any CPU
		{2AD06F90-204E-405E-9E7E-DD9F4035BF2D}.Debug|Any CPU.Build.0 = Debug|Any CPU
		{2AD06F90-204E-405E-9E7E-DD9F4035BF2D}.Debug|Mixed Platforms.ActiveCfg = Debug|Any CPU
		{2AD06F90-204E-405E-9E7E-DD9F4035BF2D}.Debug|Mixed Platforms.Build.0 = Debug|Any CPU
		{2AD06F90-204E-405E-9E7E-DD9F4035BF2D}.Debug|Win32.ActiveCfg = Debug|Any CPU
		{2AD06F90-204E-405E-9E7E-DD9F4035BF2D}.Release|Any CPU.ActiveCfg = Release|Any CPU
		{2AD06F90-204E-405E-9E7E-DD9F4035BF2D}.Release|Any CPU.Build.0 = Release|Any CPU
		{2AD06F90-204E-405E-9E7E-DD9F4035BF2D}.Release|Mixed Platforms.ActiveCfg = Release|Any CPU
		{2AD06F90-204E-405E-9E7E-DD9F4035BF2D}.Release|Mixed Platforms.Build.0 = Release|Any CPU
		{2AD06F90-204E-405E-9E7E-DD9F4035BF2D}.Release|Win32.ActiveCfg = Release|Any CPU
		{DFDAB962-97C1-41B1-BD85-7DBFAD72C0EE}.Debug|Any CPU.ActiveCfg = Debug|Any CPU
		{DFDAB962-97C1-41B1-BD85-7DBFAD72C0EE}.Debug|Any CPU.Build.0 = Debug|Any CPU
		{DFDAB962-97C1-41B1-BD85-7DBFAD72C0EE}.Debug|Mixed Platforms.ActiveCfg = Debug|Any CPU
		{DFDAB962-97C1-41B1-BD85-7DBFAD72C0EE}.Debug|Mixed Platforms.Build.0 = Debug|Any CPU
		{DFDAB962-97C1-41B1-BD85-7DBFAD72C0EE}.Debug|Win32.ActiveCfg = Debug|Any CPU
		{DFDAB962-97C1-41B1-BD85-7DBFAD72C0EE}.Release|Any CPU.ActiveCfg = Release|Any CPU
		{DFDAB962-97C1-41B1-BD85-7DBFAD72C0EE}.Release|Any CPU.Build.0 = Release|Any CPU
		{DFDAB962-97C1-41B1-BD85-7DBFAD72C0EE}.Release|Mixed Platforms.ActiveCfg = Release|Any CPU
		{DFDAB962-97C1-41B1-BD85-7DBFAD72C0EE}.Release|Mixed Platforms.Build.0 = Release|Any CPU
		{DFDAB962-97C1-41B1-BD85-7DBFAD72C0EE}.Release|Win32.ActiveCfg = Release|Any CPU
		{ACFB53E6-2DEC-42A2-BEE6-53B70FB64940}.Debug|Any CPU.ActiveCfg = Debug|Win32
		{ACFB53E6-2DEC-42A2-BEE6-53B70FB64940}.Debug|Mixed Platforms.ActiveCfg = Debug|Win32
		{ACFB53E6-2DEC-42A2-BEE6-53B70FB64940}.Debug|Mixed Platforms.Build.0 = Debug|Win32
		{ACFB53E6-2DEC-42A2-BEE6-53B70FB64940}.Debug|Win32.ActiveCfg = Debug|Win32
		{ACFB53E6-2DEC-42A2-BEE6-53B70FB64940}.Debug|Win32.Build.0 = Debug|Win32
		{ACFB53E6-2DEC-42A2-BEE6-53B70FB64940}.Release|Any CPU.ActiveCfg = Release|Win32
		{ACFB53E6-2DEC-42A2-BEE6-53B70FB64940}.Release|Mixed Platforms.ActiveCfg = Release|Win32
		{ACFB53E6-2DEC-42A2-BEE6-53B70FB64940}.Release|Mixed Platforms.Build.0 = Release|Win32
		{ACFB53E6-2DEC-42A2-BEE6-53B70FB64940}.Release|Win32.ActiveCfg = Release|Win32
		{ACFB53E6-2DEC-42A2-BEE6-53B70FB64940}.Release|Win32.Build.0 = Release|Win32
	EndGlobalSection
	GlobalSection(SolutionProperties) = preSolution
		HideSolutionNode = FALSE
	EndGlobalSection
EndGlobal
